// !$*UTF8*$!
{
	archiveVersion = 1;
	classes = {
	};
	objectVersion = 46;
	objects = {

/* Begin PBXBuildFile section */
		2820A5D96D22577B4DC60441 /* Pods_FWPlayer_Tests.framework in Frameworks */ = {isa = PBXBuildFile; fileRef = EDBB0E4C331B6989C3E332C6 /* Pods_FWPlayer_Tests.framework */; };
		352E4ABC22D235900001015F /* HomeCyclePagerContainerCell.swift in Sources */ = {isa = PBXBuildFile; fileRef = 352E4ABB22D235900001015F /* HomeCyclePagerContainerCell.swift */; };
		35E7AED522CE24EB00A7FE26 /* HomeViewController.swift in Sources */ = {isa = PBXBuildFile; fileRef = 35E7AED422CE24EB00A7FE26 /* HomeViewController.swift */; };
		35E7AEDF22CE2D0F00A7FE26 /* ContentNavigationController.swift in Sources */ = {isa = PBXBuildFile; fileRef = 35E7AEDE22CE2D0F00A7FE26 /* ContentNavigationController.swift */; };
		35E7AEE122CE2D3A00A7FE26 /* SideMenuViewController.swift in Sources */ = {isa = PBXBuildFile; fileRef = 35E7AEE022CE2D3A00A7FE26 /* SideMenuViewController.swift */; };
		35E7AEE522CE3ECD00A7FE26 /* AboutViewController.swift in Sources */ = {isa = PBXBuildFile; fileRef = 35E7AEE422CE3ECD00A7FE26 /* AboutViewController.swift */; };
		35E7AEF322CEB68300A7FE26 /* SideMenu.storyboard in Resources */ = {isa = PBXBuildFile; fileRef = 35E7AEF222CEB68300A7FE26 /* SideMenu.storyboard */; };
		35E7AEF522CEB71F00A7FE26 /* Home.storyboard in Resources */ = {isa = PBXBuildFile; fileRef = 35E7AEF422CEB71F00A7FE26 /* Home.storyboard */; };
		35E7AEF822CEC4FB00A7FE26 /* Common.swift in Sources */ = {isa = PBXBuildFile; fileRef = 35E7AEF722CEC4FB00A7FE26 /* Common.swift */; };
		35E7AEFB22CECE3500A7FE26 /* SideMenuTableViewCell.swift in Sources */ = {isa = PBXBuildFile; fileRef = 35E7AEF922CECE3500A7FE26 /* SideMenuTableViewCell.swift */; };
		35E7AEFC22CECE3500A7FE26 /* SideMenuTableViewCell.xib in Resources */ = {isa = PBXBuildFile; fileRef = 35E7AEFA22CECE3500A7FE26 /* SideMenuTableViewCell.xib */; };
		35E7AEFE22CF72A900A7FE26 /* UIImageExtension.swift in Sources */ = {isa = PBXBuildFile; fileRef = 35E7AEFD22CF72A900A7FE26 /* UIImageExtension.swift */; };
		35E7AF0122CFDCFE00A7FE26 /* About.storyboard in Resources */ = {isa = PBXBuildFile; fileRef = 35E7AF0022CFDCFE00A7FE26 /* About.storyboard */; };
		35E7AF0322CFE76400A7FE26 /* HomeViewModel.swift in Sources */ = {isa = PBXBuildFile; fileRef = 35E7AF0222CFE76400A7FE26 /* HomeViewModel.swift */; };
		35E7AF0A22D0D13300A7FE26 /* trailer_avengers.mp4 in Resources */ = {isa = PBXBuildFile; fileRef = 35E7AF0622D0D13300A7FE26 /* trailer_avengers.mp4 */; };
		35E7AF0B22D0D13300A7FE26 /* trailer_astra.mp4 in Resources */ = {isa = PBXBuildFile; fileRef = 35E7AF0722D0D13300A7FE26 /* trailer_astra.mp4 */; };
		35E7AF0C22D0D13300A7FE26 /* trailer_lion.mp4 in Resources */ = {isa = PBXBuildFile; fileRef = 35E7AF0822D0D13300A7FE26 /* trailer_lion.mp4 */; };
		35E7AF0D22D0D13300A7FE26 /* trailer_birds.mp4 in Resources */ = {isa = PBXBuildFile; fileRef = 35E7AF0922D0D13300A7FE26 /* trailer_birds.mp4 */; };
		35E7AF1422D0E06600A7FE26 /* VideoModel.swift in Sources */ = {isa = PBXBuildFile; fileRef = 35E7AF1322D0E06600A7FE26 /* VideoModel.swift */; };
		35E7AF1D22D1430000A7FE26 /* HomeCyclePagerViewCell.swift in Sources */ = {isa = PBXBuildFile; fileRef = 35E7AF1B22D1430000A7FE26 /* HomeCyclePagerViewCell.swift */; };
		35E7AF1E22D1430000A7FE26 /* HomeCyclePagerViewCell.xib in Resources */ = {isa = PBXBuildFile; fileRef = 35E7AF1C22D1430000A7FE26 /* HomeCyclePagerViewCell.xib */; };
		35E7AF2522D14C3F00A7FE26 /* HomeVideoPortraitCell.swift in Sources */ = {isa = PBXBuildFile; fileRef = 35E7AF2322D14C3E00A7FE26 /* HomeVideoPortraitCell.swift */; };
		35E7AF2622D14C3F00A7FE26 /* HomeVideoPortraitCell.xib in Resources */ = {isa = PBXBuildFile; fileRef = 35E7AF2422D14C3F00A7FE26 /* HomeVideoPortraitCell.xib */; };
		35E7AF3322D1F5AB00A7FE26 /* FWScrollView.swift in Sources */ = {isa = PBXBuildFile; fileRef = 35E7AF3222D1F5AB00A7FE26 /* FWScrollView.swift */; };
		5051AE14BC8CE8FAFF98E4E7 /* Pods_FWPlayer_Example.framework in Frameworks */ = {isa = PBXBuildFile; fileRef = 0D359AB553AA1483F2094C3E /* Pods_FWPlayer_Example.framework */; };
		607FACD61AFB9204008FA782 /* AppDelegate.swift in Sources */ = {isa = PBXBuildFile; fileRef = 607FACD51AFB9204008FA782 /* AppDelegate.swift */; };
		607FACDB1AFB9204008FA782 /* Main.storyboard in Resources */ = {isa = PBXBuildFile; fileRef = 607FACD91AFB9204008FA782 /* Main.storyboard */; };
		607FACDD1AFB9204008FA782 /* Images.xcassets in Resources */ = {isa = PBXBuildFile; fileRef = 607FACDC1AFB9204008FA782 /* Images.xcassets */; };
		607FACE01AFB9204008FA782 /* LaunchScreen.xib in Resources */ = {isa = PBXBuildFile; fileRef = 607FACDE1AFB9204008FA782 /* LaunchScreen.xib */; };
		607FACEC1AFB9204008FA782 /* Tests.swift in Sources */ = {isa = PBXBuildFile; fileRef = 607FACEB1AFB9204008FA782 /* Tests.swift */; };
/* End PBXBuildFile section */

/* Begin PBXContainerItemProxy section */
		607FACE61AFB9204008FA782 /* PBXContainerItemProxy */ = {
			isa = PBXContainerItemProxy;
			containerPortal = 607FACC81AFB9204008FA782 /* Project object */;
			proxyType = 1;
			remoteGlobalIDString = 607FACCF1AFB9204008FA782;
			remoteInfo = FWPlayer;
		};
/* End PBXContainerItemProxy section */

/* Begin PBXFileReference section */
		0D359AB553AA1483F2094C3E /* Pods_FWPlayer_Example.framework */ = {isa = PBXFileReference; explicitFileType = wrapper.framework; includeInIndex = 0; path = Pods_FWPlayer_Example.framework; sourceTree = BUILT_PRODUCTS_DIR; };
		1ADD2BD5E860A660A40E9681 /* LICENSE */ = {isa = PBXFileReference; includeInIndex = 1; lastKnownFileType = text; name = LICENSE; path = ../LICENSE; sourceTree = "<group>"; };
		352E4ABB22D235900001015F /* HomeCyclePagerContainerCell.swift */ = {isa = PBXFileReference; lastKnownFileType = sourcecode.swift; path = HomeCyclePagerContainerCell.swift; sourceTree = "<group>"; };
		35E7AED422CE24EB00A7FE26 /* HomeViewController.swift */ = {isa = PBXFileReference; lastKnownFileType = sourcecode.swift; path = HomeViewController.swift; sourceTree = "<group>"; };
		35E7AEDE22CE2D0F00A7FE26 /* ContentNavigationController.swift */ = {isa = PBXFileReference; lastKnownFileType = sourcecode.swift; path = ContentNavigationController.swift; sourceTree = "<group>"; };
		35E7AEE022CE2D3A00A7FE26 /* SideMenuViewController.swift */ = {isa = PBXFileReference; lastKnownFileType = sourcecode.swift; path = SideMenuViewController.swift; sourceTree = "<group>"; };
		35E7AEE422CE3ECD00A7FE26 /* AboutViewController.swift */ = {isa = PBXFileReference; lastKnownFileType = sourcecode.swift; path = AboutViewController.swift; sourceTree = "<group>"; };
		35E7AEF222CEB68300A7FE26 /* SideMenu.storyboard */ = {isa = PBXFileReference; fileEncoding = 4; lastKnownFileType = file.storyboard; path = SideMenu.storyboard; sourceTree = "<group>"; };
		35E7AEF422CEB71F00A7FE26 /* Home.storyboard */ = {isa = PBXFileReference; fileEncoding = 4; lastKnownFileType = file.storyboard; path = Home.storyboard; sourceTree = "<group>"; };
		35E7AEF722CEC4FB00A7FE26 /* Common.swift */ = {isa = PBXFileReference; lastKnownFileType = sourcecode.swift; path = Common.swift; sourceTree = "<group>"; };
		35E7AEF922CECE3500A7FE26 /* SideMenuTableViewCell.swift */ = {isa = PBXFileReference; lastKnownFileType = sourcecode.swift; path = SideMenuTableViewCell.swift; sourceTree = "<group>"; };
		35E7AEFA22CECE3500A7FE26 /* SideMenuTableViewCell.xib */ = {isa = PBXFileReference; lastKnownFileType = file.xib; path = SideMenuTableViewCell.xib; sourceTree = "<group>"; };
		35E7AEFD22CF72A900A7FE26 /* UIImageExtension.swift */ = {isa = PBXFileReference; lastKnownFileType = sourcecode.swift; path = UIImageExtension.swift; sourceTree = "<group>"; };
		35E7AF0022CFDCFE00A7FE26 /* About.storyboard */ = {isa = PBXFileReference; fileEncoding = 4; lastKnownFileType = file.storyboard; path = About.storyboard; sourceTree = "<group>"; };
		35E7AF0222CFE76400A7FE26 /* HomeViewModel.swift */ = {isa = PBXFileReference; lastKnownFileType = sourcecode.swift; path = HomeViewModel.swift; sourceTree = "<group>"; };
		35E7AF0622D0D13300A7FE26 /* trailer_avengers.mp4 */ = {isa = PBXFileReference; lastKnownFileType = file; path = trailer_avengers.mp4; sourceTree = "<group>"; };
		35E7AF0722D0D13300A7FE26 /* trailer_astra.mp4 */ = {isa = PBXFileReference; lastKnownFileType = file; path = trailer_astra.mp4; sourceTree = "<group>"; };
		35E7AF0822D0D13300A7FE26 /* trailer_lion.mp4 */ = {isa = PBXFileReference; lastKnownFileType = file; path = trailer_lion.mp4; sourceTree = "<group>"; };
		35E7AF0922D0D13300A7FE26 /* trailer_birds.mp4 */ = {isa = PBXFileReference; lastKnownFileType = file; path = trailer_birds.mp4; sourceTree = "<group>"; };
		35E7AF1322D0E06600A7FE26 /* VideoModel.swift */ = {isa = PBXFileReference; lastKnownFileType = sourcecode.swift; path = VideoModel.swift; sourceTree = "<group>"; };
		35E7AF1B22D1430000A7FE26 /* HomeCyclePagerViewCell.swift */ = {isa = PBXFileReference; lastKnownFileType = sourcecode.swift; path = HomeCyclePagerViewCell.swift; sourceTree = "<group>"; };
		35E7AF1C22D1430000A7FE26 /* HomeCyclePagerViewCell.xib */ = {isa = PBXFileReference; lastKnownFileType = file.xib; path = HomeCyclePagerViewCell.xib; sourceTree = "<group>"; };
		35E7AF2322D14C3E00A7FE26 /* HomeVideoPortraitCell.swift */ = {isa = PBXFileReference; lastKnownFileType = sourcecode.swift; path = HomeVideoPortraitCell.swift; sourceTree = "<group>"; };
		35E7AF2422D14C3F00A7FE26 /* HomeVideoPortraitCell.xib */ = {isa = PBXFileReference; lastKnownFileType = file.xib; path = HomeVideoPortraitCell.xib; sourceTree = "<group>"; };
		35E7AF3222D1F5AB00A7FE26 /* FWScrollView.swift */ = {isa = PBXFileReference; lastKnownFileType = sourcecode.swift; path = FWScrollView.swift; sourceTree = "<group>"; };
		4E99F328479CC89BF56FBFF1 /* Pods-FWPlayer_Example.release.xcconfig */ = {isa = PBXFileReference; includeInIndex = 1; lastKnownFileType = text.xcconfig; name = "Pods-FWPlayer_Example.release.xcconfig"; path = "Target Support Files/Pods-FWPlayer_Example/Pods-FWPlayer_Example.release.xcconfig"; sourceTree = "<group>"; };
		5468402DE3622F77BD057D31 /* Pods-FWPlayer_Tests.release.xcconfig */ = {isa = PBXFileReference; includeInIndex = 1; lastKnownFileType = text.xcconfig; name = "Pods-FWPlayer_Tests.release.xcconfig"; path = "Target Support Files/Pods-FWPlayer_Tests/Pods-FWPlayer_Tests.release.xcconfig"; sourceTree = "<group>"; };
		607FACD01AFB9204008FA782 /* FWPlayer_Example.app */ = {isa = PBXFileReference; explicitFileType = wrapper.application; includeInIndex = 0; path = FWPlayer_Example.app; sourceTree = BUILT_PRODUCTS_DIR; };
		607FACD41AFB9204008FA782 /* Info.plist */ = {isa = PBXFileReference; lastKnownFileType = text.plist.xml; path = Info.plist; sourceTree = "<group>"; };
		607FACD51AFB9204008FA782 /* AppDelegate.swift */ = {isa = PBXFileReference; lastKnownFileType = sourcecode.swift; path = AppDelegate.swift; sourceTree = "<group>"; };
		607FACDA1AFB9204008FA782 /* Base */ = {isa = PBXFileReference; lastKnownFileType = file.storyboard; name = Base; path = Base.lproj/Main.storyboard; sourceTree = "<group>"; };
		607FACDC1AFB9204008FA782 /* Images.xcassets */ = {isa = PBXFileReference; lastKnownFileType = folder.assetcatalog; path = Images.xcassets; sourceTree = "<group>"; };
		607FACDF1AFB9204008FA782 /* Base */ = {isa = PBXFileReference; lastKnownFileType = file.xib; name = Base; path = Base.lproj/LaunchScreen.xib; sourceTree = "<group>"; };
		607FACE51AFB9204008FA782 /* FWPlayer_Tests.xctest */ = {isa = PBXFileReference; explicitFileType = wrapper.cfbundle; includeInIndex = 0; path = FWPlayer_Tests.xctest; sourceTree = BUILT_PRODUCTS_DIR; };
		607FACEA1AFB9204008FA782 /* Info.plist */ = {isa = PBXFileReference; lastKnownFileType = text.plist.xml; path = Info.plist; sourceTree = "<group>"; };
		607FACEB1AFB9204008FA782 /* Tests.swift */ = {isa = PBXFileReference; lastKnownFileType = sourcecode.swift; path = Tests.swift; sourceTree = "<group>"; };
		7B39C074ED98EEFE70426D13 /* README.md */ = {isa = PBXFileReference; includeInIndex = 1; lastKnownFileType = net.daringfireball.markdown; name = README.md; path = ../README.md; sourceTree = "<group>"; };
		8391C9CB2CD27442CBD92D55 /* Pods-FWPlayer_Example.debug.xcconfig */ = {isa = PBXFileReference; includeInIndex = 1; lastKnownFileType = text.xcconfig; name = "Pods-FWPlayer_Example.debug.xcconfig"; path = "Target Support Files/Pods-FWPlayer_Example/Pods-FWPlayer_Example.debug.xcconfig"; sourceTree = "<group>"; };
		B37323BCCF41A448071B7E83 /* Pods-FWPlayer_Tests.debug.xcconfig */ = {isa = PBXFileReference; includeInIndex = 1; lastKnownFileType = text.xcconfig; name = "Pods-FWPlayer_Tests.debug.xcconfig"; path = "Target Support Files/Pods-FWPlayer_Tests/Pods-FWPlayer_Tests.debug.xcconfig"; sourceTree = "<group>"; };
		EDBB0E4C331B6989C3E332C6 /* Pods_FWPlayer_Tests.framework */ = {isa = PBXFileReference; explicitFileType = wrapper.framework; includeInIndex = 0; path = Pods_FWPlayer_Tests.framework; sourceTree = BUILT_PRODUCTS_DIR; };
		FBCC10CC26DF324D978D0C07 /* FWPlayer.podspec */ = {isa = PBXFileReference; includeInIndex = 1; lastKnownFileType = text; name = FWPlayer.podspec; path = ../FWPlayer.podspec; sourceTree = "<group>"; xcLanguageSpecificationIdentifier = xcode.lang.ruby; };
/* End PBXFileReference section */

/* Begin PBXFrameworksBuildPhase section */
		607FACCD1AFB9204008FA782 /* Frameworks */ = {
			isa = PBXFrameworksBuildPhase;
			buildActionMask = 2147483647;
			files = (
				5051AE14BC8CE8FAFF98E4E7 /* Pods_FWPlayer_Example.framework in Frameworks */,
			);
			runOnlyForDeploymentPostprocessing = 0;
		};
		607FACE21AFB9204008FA782 /* Frameworks */ = {
			isa = PBXFrameworksBuildPhase;
			buildActionMask = 2147483647;
			files = (
				2820A5D96D22577B4DC60441 /* Pods_FWPlayer_Tests.framework in Frameworks */,
			);
			runOnlyForDeploymentPostprocessing = 0;
		};
/* End PBXFrameworksBuildPhase section */

/* Begin PBXGroup section */
		35E7AEBB22CD796F00A7FE26 /* Common */ = {
			isa = PBXGroup;
			children = (
				35E7AEBC22CD796F00A7FE26 /* Extension */,
				35E7AEF622CEC4DD00A7FE26 /* Utility */,
				35E7AF3122D1F58900A7FE26 /* View */,
			);
			path = Common;
			sourceTree = "<group>";
		};
		35E7AEBC22CD796F00A7FE26 /* Extension */ = {
			isa = PBXGroup;
			children = (
				35E7AEDE22CE2D0F00A7FE26 /* ContentNavigationController.swift */,
				35E7AEFD22CF72A900A7FE26 /* UIImageExtension.swift */,
			);
			path = Extension;
			sourceTree = "<group>";
		};
		35E7AEBD22CD796F00A7FE26 /* Main */ = {
			isa = PBXGroup;
			children = (
				35E7AEE222CE3E2200A7FE26 /* About */,
				35E7AEBE22CD796F00A7FE26 /* Home */,
				35E7AEC722CE206B00A7FE26 /* SideMenu */,
			);
			path = Main;
			sourceTree = "<group>";
		};
		35E7AEBE22CD796F00A7FE26 /* Home */ = {
			isa = PBXGroup;
			children = (
				35E7AEC422CD796F00A7FE26 /* API */,
				35E7AEC022CD796F00A7FE26 /* Controller */,
				35E7AEC222CD796F00A7FE26 /* Model */,
				35E7AEC322CD796F00A7FE26 /* View */,
				35E7AEBF22CD796F00A7FE26 /* ViewModel */,
			);
			path = Home;
			sourceTree = "<group>";
		};
		35E7AEBF22CD796F00A7FE26 /* ViewModel */ = {
			isa = PBXGroup;
			children = (
				35E7AF0222CFE76400A7FE26 /* HomeViewModel.swift */,
			);
			path = ViewModel;
			sourceTree = "<group>";
		};
		35E7AEC022CD796F00A7FE26 /* Controller */ = {
			isa = PBXGroup;
			children = (
				35E7AED422CE24EB00A7FE26 /* HomeViewController.swift */,
			);
			path = Controller;
			sourceTree = "<group>";
		};
		35E7AEC222CD796F00A7FE26 /* Model */ = {
			isa = PBXGroup;
			children = (
				35E7AF1322D0E06600A7FE26 /* VideoModel.swift */,
			);
			path = Model;
			sourceTree = "<group>";
		};
		35E7AEC322CD796F00A7FE26 /* View */ = {
			isa = PBXGroup;
			children = (
				35E7AEF422CEB71F00A7FE26 /* Home.storyboard */,
				352E4ABB22D235900001015F /* HomeCyclePagerContainerCell.swift */,
				35E7AF1B22D1430000A7FE26 /* HomeCyclePagerViewCell.swift */,
				35E7AF1C22D1430000A7FE26 /* HomeCyclePagerViewCell.xib */,
				35E7AF2322D14C3E00A7FE26 /* HomeVideoPortraitCell.swift */,
				35E7AF2422D14C3F00A7FE26 /* HomeVideoPortraitCell.xib */,
			);
			path = View;
			sourceTree = "<group>";
		};
		35E7AEC422CD796F00A7FE26 /* API */ = {
			isa = PBXGroup;
			children = (
			);
			path = API;
			sourceTree = "<group>";
		};
		35E7AEC722CE206B00A7FE26 /* SideMenu */ = {
			isa = PBXGroup;
			children = (
				35E7AEC922CE206B00A7FE26 /* Controller */,
				35E7AECC22CE206B00A7FE26 /* View */,
			);
			path = SideMenu;
			sourceTree = "<group>";
		};
		35E7AEC922CE206B00A7FE26 /* Controller */ = {
			isa = PBXGroup;
			children = (
				35E7AEE022CE2D3A00A7FE26 /* SideMenuViewController.swift */,
			);
			path = Controller;
			sourceTree = "<group>";
		};
		35E7AECC22CE206B00A7FE26 /* View */ = {
			isa = PBXGroup;
			children = (
				35E7AEF222CEB68300A7FE26 /* SideMenu.storyboard */,
				35E7AEF922CECE3500A7FE26 /* SideMenuTableViewCell.swift */,
				35E7AEFA22CECE3500A7FE26 /* SideMenuTableViewCell.xib */,
			);
			path = View;
			sourceTree = "<group>";
		};
		35E7AEE222CE3E2200A7FE26 /* About */ = {
			isa = PBXGroup;
			children = (
				35E7AEE322CE3E2200A7FE26 /* Controller */,
				35E7AEFF22CFDCAD00A7FE26 /* View */,
			);
			path = About;
			sourceTree = "<group>";
		};
		35E7AEE322CE3E2200A7FE26 /* Controller */ = {
			isa = PBXGroup;
			children = (
				35E7AEE422CE3ECD00A7FE26 /* AboutViewController.swift */,
			);
			path = Controller;
			sourceTree = "<group>";
		};
		35E7AEF622CEC4DD00A7FE26 /* Utility */ = {
			isa = PBXGroup;
			children = (
				35E7AEF722CEC4FB00A7FE26 /* Common.swift */,
			);
			path = Utility;
			sourceTree = "<group>";
		};
		35E7AEFF22CFDCAD00A7FE26 /* View */ = {
			isa = PBXGroup;
			children = (
				35E7AF0022CFDCFE00A7FE26 /* About.storyboard */,
			);
			path = View;
			sourceTree = "<group>";
		};
		35E7AF0422D0D13300A7FE26 /* Resources */ = {
			isa = PBXGroup;
			children = (
				35E7AF0522D0D13300A7FE26 /* Video */,
			);
			path = Resources;
			sourceTree = "<group>";
		};
		35E7AF0522D0D13300A7FE26 /* Video */ = {
			isa = PBXGroup;
			children = (
				35E7AF0622D0D13300A7FE26 /* trailer_avengers.mp4 */,
				35E7AF0722D0D13300A7FE26 /* trailer_astra.mp4 */,
				35E7AF0822D0D13300A7FE26 /* trailer_lion.mp4 */,
				35E7AF0922D0D13300A7FE26 /* trailer_birds.mp4 */,
			);
			path = Video;
			sourceTree = "<group>";
		};
		35E7AF3122D1F58900A7FE26 /* View */ = {
			isa = PBXGroup;
			children = (
				35E7AF3222D1F5AB00A7FE26 /* FWScrollView.swift */,
			);
			path = View;
			sourceTree = "<group>";
		};
		5F744BF01024056958111FD4 /* Pods */ = {
			isa = PBXGroup;
			children = (
				8391C9CB2CD27442CBD92D55 /* Pods-FWPlayer_Example.debug.xcconfig */,
				4E99F328479CC89BF56FBFF1 /* Pods-FWPlayer_Example.release.xcconfig */,
				B37323BCCF41A448071B7E83 /* Pods-FWPlayer_Tests.debug.xcconfig */,
				5468402DE3622F77BD057D31 /* Pods-FWPlayer_Tests.release.xcconfig */,
			);
			path = Pods;
			sourceTree = "<group>";
		};
		607FACC71AFB9204008FA782 = {
			isa = PBXGroup;
			children = (
				607FACF51AFB993E008FA782 /* Podspec Metadata */,
				607FACD21AFB9204008FA782 /* Example for FWPlayer */,
				607FACE81AFB9204008FA782 /* Tests */,
				607FACD11AFB9204008FA782 /* Products */,
				5F744BF01024056958111FD4 /* Pods */,
				C54DD9D69D3074866845145A /* Frameworks */,
			);
			sourceTree = "<group>";
		};
		607FACD11AFB9204008FA782 /* Products */ = {
			isa = PBXGroup;
			children = (
				607FACD01AFB9204008FA782 /* FWPlayer_Example.app */,
				607FACE51AFB9204008FA782 /* FWPlayer_Tests.xctest */,
			);
			name = Products;
			sourceTree = "<group>";
		};
		607FACD21AFB9204008FA782 /* Example for FWPlayer */ = {
			isa = PBXGroup;
			children = (
				607FACD51AFB9204008FA782 /* AppDelegate.swift */,
				607FACDC1AFB9204008FA782 /* Images.xcassets */,
				607FACDE1AFB9204008FA782 /* LaunchScreen.xib */,
				607FACD91AFB9204008FA782 /* Main.storyboard */,
				35E7AEBB22CD796F00A7FE26 /* Common */,
				35E7AEBD22CD796F00A7FE26 /* Main */,
				35E7AF0422D0D13300A7FE26 /* Resources */,
				607FACD31AFB9204008FA782 /* Supporting Files */,
			);
			name = "Example for FWPlayer";
			path = FWPlayer;
			sourceTree = "<group>";
		};
		607FACD31AFB9204008FA782 /* Supporting Files */ = {
			isa = PBXGroup;
			children = (
				607FACD41AFB9204008FA782 /* Info.plist */,
			);
			name = "Supporting Files";
			sourceTree = "<group>";
		};
		607FACE81AFB9204008FA782 /* Tests */ = {
			isa = PBXGroup;
			children = (
				607FACEB1AFB9204008FA782 /* Tests.swift */,
				607FACE91AFB9204008FA782 /* Supporting Files */,
			);
			path = Tests;
			sourceTree = "<group>";
		};
		607FACE91AFB9204008FA782 /* Supporting Files */ = {
			isa = PBXGroup;
			children = (
				607FACEA1AFB9204008FA782 /* Info.plist */,
			);
			name = "Supporting Files";
			sourceTree = "<group>";
		};
		607FACF51AFB993E008FA782 /* Podspec Metadata */ = {
			isa = PBXGroup;
			children = (
				FBCC10CC26DF324D978D0C07 /* FWPlayer.podspec */,
				7B39C074ED98EEFE70426D13 /* README.md */,
				1ADD2BD5E860A660A40E9681 /* LICENSE */,
			);
			name = "Podspec Metadata";
			sourceTree = "<group>";
		};
		C54DD9D69D3074866845145A /* Frameworks */ = {
			isa = PBXGroup;
			children = (
				0D359AB553AA1483F2094C3E /* Pods_FWPlayer_Example.framework */,
				EDBB0E4C331B6989C3E332C6 /* Pods_FWPlayer_Tests.framework */,
			);
			name = Frameworks;
			sourceTree = "<group>";
		};
/* End PBXGroup section */

/* Begin PBXNativeTarget section */
		607FACCF1AFB9204008FA782 /* FWPlayer_Example */ = {
			isa = PBXNativeTarget;
			buildConfigurationList = 607FACEF1AFB9204008FA782 /* Build configuration list for PBXNativeTarget "FWPlayer_Example" */;
			buildPhases = (
				90D072A5151F6C1EADE22D27 /* [CP] Check Pods Manifest.lock */,
				607FACCC1AFB9204008FA782 /* Sources */,
				607FACCD1AFB9204008FA782 /* Frameworks */,
				607FACCE1AFB9204008FA782 /* Resources */,
				C13735B33B267015BECB82D6 /* [CP] Embed Pods Frameworks */,
			);
			buildRules = (
			);
			dependencies = (
			);
			name = FWPlayer_Example;
			productName = FWPlayer;
			productReference = 607FACD01AFB9204008FA782 /* FWPlayer_Example.app */;
			productType = "com.apple.product-type.application";
		};
		607FACE41AFB9204008FA782 /* FWPlayer_Tests */ = {
			isa = PBXNativeTarget;
			buildConfigurationList = 607FACF21AFB9204008FA782 /* Build configuration list for PBXNativeTarget "FWPlayer_Tests" */;
			buildPhases = (
				974646C7C42AD2B54ECFACCE /* [CP] Check Pods Manifest.lock */,
				607FACE11AFB9204008FA782 /* Sources */,
				607FACE21AFB9204008FA782 /* Frameworks */,
				607FACE31AFB9204008FA782 /* Resources */,
			);
			buildRules = (
			);
			dependencies = (
				607FACE71AFB9204008FA782 /* PBXTargetDependency */,
			);
			name = FWPlayer_Tests;
			productName = Tests;
			productReference = 607FACE51AFB9204008FA782 /* FWPlayer_Tests.xctest */;
			productType = "com.apple.product-type.bundle.unit-test";
		};
/* End PBXNativeTarget section */

/* Begin PBXProject section */
		607FACC81AFB9204008FA782 /* Project object */ = {
			isa = PBXProject;
			attributes = {
				LastSwiftUpdateCheck = 0830;
				LastUpgradeCheck = 1020;
				ORGANIZATIONNAME = CocoaPods;
				TargetAttributes = {
					607FACCF1AFB9204008FA782 = {
						CreatedOnToolsVersion = 6.3.1;
						DevelopmentTeam = 85HF22W23G;
						LastSwiftMigration = 0900;
					};
					607FACE41AFB9204008FA782 = {
						CreatedOnToolsVersion = 6.3.1;
						DevelopmentTeam = 85HF22W23G;
						LastSwiftMigration = 0900;
						TestTargetID = 607FACCF1AFB9204008FA782;
					};
				};
			};
			buildConfigurationList = 607FACCB1AFB9204008FA782 /* Build configuration list for PBXProject "FWPlayer" */;
			compatibilityVersion = "Xcode 3.2";
			developmentRegion = en;
			hasScannedForEncodings = 0;
			knownRegions = (
				en,
				Base,
			);
			mainGroup = 607FACC71AFB9204008FA782;
			productRefGroup = 607FACD11AFB9204008FA782 /* Products */;
			projectDirPath = "";
			projectRoot = "";
			targets = (
				607FACCF1AFB9204008FA782 /* FWPlayer_Example */,
				607FACE41AFB9204008FA782 /* FWPlayer_Tests */,
			);
		};
/* End PBXProject section */

/* Begin PBXResourcesBuildPhase section */
		607FACCE1AFB9204008FA782 /* Resources */ = {
			isa = PBXResourcesBuildPhase;
			buildActionMask = 2147483647;
			files = (
				35E7AF0A22D0D13300A7FE26 /* trailer_avengers.mp4 in Resources */,
				35E7AEF322CEB68300A7FE26 /* SideMenu.storyboard in Resources */,
				35E7AF0122CFDCFE00A7FE26 /* About.storyboard in Resources */,
				35E7AF1E22D1430000A7FE26 /* HomeCyclePagerViewCell.xib in Resources */,
				35E7AEF522CEB71F00A7FE26 /* Home.storyboard in Resources */,
				607FACDB1AFB9204008FA782 /* Main.storyboard in Resources */,
				35E7AF2622D14C3F00A7FE26 /* HomeVideoPortraitCell.xib in Resources */,
				35E7AF0B22D0D13300A7FE26 /* trailer_astra.mp4 in Resources */,
				35E7AEFC22CECE3500A7FE26 /* SideMenuTableViewCell.xib in Resources */,
				607FACE01AFB9204008FA782 /* LaunchScreen.xib in Resources */,
				607FACDD1AFB9204008FA782 /* Images.xcassets in Resources */,
				35E7AF0D22D0D13300A7FE26 /* trailer_birds.mp4 in Resources */,
				35E7AF0C22D0D13300A7FE26 /* trailer_lion.mp4 in Resources */,
			);
			runOnlyForDeploymentPostprocessing = 0;
		};
		607FACE31AFB9204008FA782 /* Resources */ = {
			isa = PBXResourcesBuildPhase;
			buildActionMask = 2147483647;
			files = (
			);
			runOnlyForDeploymentPostprocessing = 0;
		};
/* End PBXResourcesBuildPhase section */

/* Begin PBXShellScriptBuildPhase section */
		90D072A5151F6C1EADE22D27 /* [CP] Check Pods Manifest.lock */ = {
			isa = PBXShellScriptBuildPhase;
			buildActionMask = 2147483647;
			files = (
			);
			inputFileListPaths = (
			);
			inputPaths = (
				"${PODS_PODFILE_DIR_PATH}/Podfile.lock",
				"${PODS_ROOT}/Manifest.lock",
			);
			name = "[CP] Check Pods Manifest.lock";
			outputFileListPaths = (
			);
			outputPaths = (
				"$(DERIVED_FILE_DIR)/Pods-FWPlayer_Example-checkManifestLockResult.txt",
			);
			runOnlyForDeploymentPostprocessing = 0;
			shellPath = /bin/sh;
			shellScript = "diff \"${PODS_PODFILE_DIR_PATH}/Podfile.lock\" \"${PODS_ROOT}/Manifest.lock\" > /dev/null\nif [ $? != 0 ] ; then\n    # print error to STDERR\n    echo \"error: The sandbox is not in sync with the Podfile.lock. Run 'pod install' or update your CocoaPods installation.\" >&2\n    exit 1\nfi\n# This output is used by Xcode 'outputs' to avoid re-running this script phase.\necho \"SUCCESS\" > \"${SCRIPT_OUTPUT_FILE_0}\"\n";
			showEnvVarsInLog = 0;
		};
		974646C7C42AD2B54ECFACCE /* [CP] Check Pods Manifest.lock */ = {
			isa = PBXShellScriptBuildPhase;
			buildActionMask = 2147483647;
			files = (
			);
			inputFileListPaths = (
			);
			inputPaths = (
				"${PODS_PODFILE_DIR_PATH}/Podfile.lock",
				"${PODS_ROOT}/Manifest.lock",
			);
			name = "[CP] Check Pods Manifest.lock";
			outputFileListPaths = (
			);
			outputPaths = (
				"$(DERIVED_FILE_DIR)/Pods-FWPlayer_Tests-checkManifestLockResult.txt",
			);
			runOnlyForDeploymentPostprocessing = 0;
			shellPath = /bin/sh;
			shellScript = "diff \"${PODS_PODFILE_DIR_PATH}/Podfile.lock\" \"${PODS_ROOT}/Manifest.lock\" > /dev/null\nif [ $? != 0 ] ; then\n    # print error to STDERR\n    echo \"error: The sandbox is not in sync with the Podfile.lock. Run 'pod install' or update your CocoaPods installation.\" >&2\n    exit 1\nfi\n# This output is used by Xcode 'outputs' to avoid re-running this script phase.\necho \"SUCCESS\" > \"${SCRIPT_OUTPUT_FILE_0}\"\n";
			showEnvVarsInLog = 0;
		};
		C13735B33B267015BECB82D6 /* [CP] Embed Pods Frameworks */ = {
			isa = PBXShellScriptBuildPhase;
			buildActionMask = 2147483647;
			files = (
			);
			inputPaths = (
				"${PODS_ROOT}/Target Support Files/Pods-FWPlayer_Example/Pods-FWPlayer_Example-frameworks.sh",
				"${BUILT_PRODUCTS_DIR}/Alamofire/Alamofire.framework",
				"${PODS_ROOT}/../../FWPlayer/Frameworks/FWPlayerCore.framework",
				"${BUILT_PRODUCTS_DIR}/HandyJSON/HandyJSON.framework",
				"${BUILT_PRODUCTS_DIR}/IQKeyboardManagerSwift/IQKeyboardManagerSwift.framework",
				"${BUILT_PRODUCTS_DIR}/Kingfisher/Kingfisher.framework",
				"${BUILT_PRODUCTS_DIR}/MBProgressHUD/MBProgressHUD.framework",
				"${BUILT_PRODUCTS_DIR}/Moya/Moya.framework",
				"${BUILT_PRODUCTS_DIR}/NSObject+Rx/NSObject_Rx.framework",
				"${BUILT_PRODUCTS_DIR}/Result/Result.framework",
				"${BUILT_PRODUCTS_DIR}/RxCocoa/RxCocoa.framework",
				"${BUILT_PRODUCTS_DIR}/RxRelay/RxRelay.framework",
				"${BUILT_PRODUCTS_DIR}/RxSwift/RxSwift.framework",
				"${BUILT_PRODUCTS_DIR}/SideMenuSwift/SideMenuSwift.framework",
				"${BUILT_PRODUCTS_DIR}/SnapKit/SnapKit.framework",
				"${BUILT_PRODUCTS_DIR}/SwiftyColor/SwiftyColor.framework",
				"${BUILT_PRODUCTS_DIR}/SwiftyJSON/SwiftyJSON.framework",
				"${BUILT_PRODUCTS_DIR}/TYCyclePagerView/TYCyclePagerView.framework",
				"${BUILT_PRODUCTS_DIR}/Then/Then.framework",
			);
			name = "[CP] Embed Pods Frameworks";
			outputPaths = (
				"${TARGET_BUILD_DIR}/${FRAMEWORKS_FOLDER_PATH}/Alamofire.framework",
				"${TARGET_BUILD_DIR}/${FRAMEWORKS_FOLDER_PATH}/FWPlayerCore.framework",
				"${TARGET_BUILD_DIR}/${FRAMEWORKS_FOLDER_PATH}/HandyJSON.framework",
				"${TARGET_BUILD_DIR}/${FRAMEWORKS_FOLDER_PATH}/IQKeyboardManagerSwift.framework",
				"${TARGET_BUILD_DIR}/${FRAMEWORKS_FOLDER_PATH}/Kingfisher.framework",
				"${TARGET_BUILD_DIR}/${FRAMEWORKS_FOLDER_PATH}/MBProgressHUD.framework",
				"${TARGET_BUILD_DIR}/${FRAMEWORKS_FOLDER_PATH}/Moya.framework",
				"${TARGET_BUILD_DIR}/${FRAMEWORKS_FOLDER_PATH}/NSObject_Rx.framework",
				"${TARGET_BUILD_DIR}/${FRAMEWORKS_FOLDER_PATH}/Result.framework",
				"${TARGET_BUILD_DIR}/${FRAMEWORKS_FOLDER_PATH}/RxCocoa.framework",
				"${TARGET_BUILD_DIR}/${FRAMEWORKS_FOLDER_PATH}/RxRelay.framework",
				"${TARGET_BUILD_DIR}/${FRAMEWORKS_FOLDER_PATH}/RxSwift.framework",
				"${TARGET_BUILD_DIR}/${FRAMEWORKS_FOLDER_PATH}/SideMenuSwift.framework",
				"${TARGET_BUILD_DIR}/${FRAMEWORKS_FOLDER_PATH}/SnapKit.framework",
				"${TARGET_BUILD_DIR}/${FRAMEWORKS_FOLDER_PATH}/SwiftyColor.framework",
				"${TARGET_BUILD_DIR}/${FRAMEWORKS_FOLDER_PATH}/SwiftyJSON.framework",
				"${TARGET_BUILD_DIR}/${FRAMEWORKS_FOLDER_PATH}/TYCyclePagerView.framework",
				"${TARGET_BUILD_DIR}/${FRAMEWORKS_FOLDER_PATH}/Then.framework",
			);
			runOnlyForDeploymentPostprocessing = 0;
			shellPath = /bin/sh;
			shellScript = "\"${PODS_ROOT}/Target Support Files/Pods-FWPlayer_Example/Pods-FWPlayer_Example-frameworks.sh\"\n";
			showEnvVarsInLog = 0;
		};
/* End PBXShellScriptBuildPhase section */

/* Begin PBXSourcesBuildPhase section */
		607FACCC1AFB9204008FA782 /* Sources */ = {
			isa = PBXSourcesBuildPhase;
			buildActionMask = 2147483647;
			files = (
				35E7AEF822CEC4FB00A7FE26 /* Common.swift in Sources */,
				35E7AF0322CFE76400A7FE26 /* HomeViewModel.swift in Sources */,
				35E7AF1D22D1430000A7FE26 /* HomeCyclePagerViewCell.swift in Sources */,
				35E7AF3322D1F5AB00A7FE26 /* FWScrollView.swift in Sources */,
				35E7AF2522D14C3F00A7FE26 /* HomeVideoPortraitCell.swift in Sources */,
				607FACD61AFB9204008FA782 /* AppDelegate.swift in Sources */,
				35E7AEDF22CE2D0F00A7FE26 /* ContentNavigationController.swift in Sources */,
				352E4ABC22D235900001015F /* HomeCyclePagerContainerCell.swift in Sources */,
				35E7AEFE22CF72A900A7FE26 /* UIImageExtension.swift in Sources */,
				35E7AEE122CE2D3A00A7FE26 /* SideMenuViewController.swift in Sources */,
				35E7AEE522CE3ECD00A7FE26 /* AboutViewController.swift in Sources */,
				35E7AEFB22CECE3500A7FE26 /* SideMenuTableViewCell.swift in Sources */,
				35E7AED522CE24EB00A7FE26 /* HomeViewController.swift in Sources */,
				35E7AF1422D0E06600A7FE26 /* VideoModel.swift in Sources */,
			);
			runOnlyForDeploymentPostprocessing = 0;
		};
		607FACE11AFB9204008FA782 /* Sources */ = {
			isa = PBXSourcesBuildPhase;
			buildActionMask = 2147483647;
			files = (
				607FACEC1AFB9204008FA782 /* Tests.swift in Sources */,
			);
			runOnlyForDeploymentPostprocessing = 0;
		};
/* End PBXSourcesBuildPhase section */

/* Begin PBXTargetDependency section */
		607FACE71AFB9204008FA782 /* PBXTargetDependency */ = {
			isa = PBXTargetDependency;
			target = 607FACCF1AFB9204008FA782 /* FWPlayer_Example */;
			targetProxy = 607FACE61AFB9204008FA782 /* PBXContainerItemProxy */;
		};
/* End PBXTargetDependency section */

/* Begin PBXVariantGroup section */
		607FACD91AFB9204008FA782 /* Main.storyboard */ = {
			isa = PBXVariantGroup;
			children = (
				607FACDA1AFB9204008FA782 /* Base */,
			);
			name = Main.storyboard;
			sourceTree = "<group>";
		};
		607FACDE1AFB9204008FA782 /* LaunchScreen.xib */ = {
			isa = PBXVariantGroup;
			children = (
				607FACDF1AFB9204008FA782 /* Base */,
			);
			name = LaunchScreen.xib;
			sourceTree = "<group>";
		};
/* End PBXVariantGroup section */

/* Begin XCBuildConfiguration section */
		607FACED1AFB9204008FA782 /* Debug */ = {
			isa = XCBuildConfiguration;
			buildSettings = {
				ALWAYS_SEARCH_USER_PATHS = NO;
				CLANG_CXX_LANGUAGE_STANDARD = "gnu++0x";
				CLANG_CXX_LIBRARY = "libc++";
				CLANG_ENABLE_MODULES = YES;
				CLANG_ENABLE_OBJC_ARC = YES;
				CLANG_WARN_BLOCK_CAPTURE_AUTORELEASING = YES;
				CLANG_WARN_BOOL_CONVERSION = YES;
				CLANG_WARN_COMMA = YES;
				CLANG_WARN_CONSTANT_CONVERSION = YES;
				CLANG_WARN_DEPRECATED_OBJC_IMPLEMENTATIONS = YES;
				CLANG_WARN_DIRECT_OBJC_ISA_USAGE = YES_ERROR;
				CLANG_WARN_EMPTY_BODY = YES;
				CLANG_WARN_ENUM_CONVERSION = YES;
				CLANG_WARN_INFINITE_RECURSION = YES;
				CLANG_WARN_INT_CONVERSION = YES;
				CLANG_WARN_NON_LITERAL_NULL_CONVERSION = YES;
				CLANG_WARN_OBJC_IMPLICIT_RETAIN_SELF = YES;
				CLANG_WARN_OBJC_LITERAL_CONVERSION = YES;
				CLANG_WARN_OBJC_ROOT_CLASS = YES_ERROR;
				CLANG_WARN_RANGE_LOOP_ANALYSIS = YES;
				CLANG_WARN_STRICT_PROTOTYPES = YES;
				CLANG_WARN_SUSPICIOUS_MOVE = YES;
				CLANG_WARN_UNREACHABLE_CODE = YES;
				CLANG_WARN__DUPLICATE_METHOD_MATCH = YES;
				"CODE_SIGN_IDENTITY[sdk=iphoneos*]" = "iPhone Developer";
				COPY_PHASE_STRIP = NO;
				DEBUG_INFORMATION_FORMAT = "dwarf-with-dsym";
				ENABLE_STRICT_OBJC_MSGSEND = YES;
				ENABLE_TESTABILITY = YES;
				GCC_C_LANGUAGE_STANDARD = gnu99;
				GCC_DYNAMIC_NO_PIC = NO;
				GCC_NO_COMMON_BLOCKS = YES;
				GCC_OPTIMIZATION_LEVEL = 0;
				GCC_PREPROCESSOR_DEFINITIONS = (
					"DEBUG=1",
					"$(inherited)",
				);
				GCC_SYMBOLS_PRIVATE_EXTERN = NO;
				GCC_WARN_64_TO_32_BIT_CONVERSION = YES;
				GCC_WARN_ABOUT_RETURN_TYPE = YES_ERROR;
				GCC_WARN_UNDECLARED_SELECTOR = YES;
				GCC_WARN_UNINITIALIZED_AUTOS = YES_AGGRESSIVE;
				GCC_WARN_UNUSED_FUNCTION = YES;
				GCC_WARN_UNUSED_VARIABLE = YES;
				IPHONEOS_DEPLOYMENT_TARGET = 11.0;
				MTL_ENABLE_DEBUG_INFO = YES;
				ONLY_ACTIVE_ARCH = YES;
				SDKROOT = iphoneos;
				SWIFT_OPTIMIZATION_LEVEL = "-Onone";
				SWIFT_VERSION = 5.0;
			};
			name = Debug;
		};
		607FACEE1AFB9204008FA782 /* Release */ = {
			isa = XCBuildConfiguration;
			buildSettings = {
				ALWAYS_SEARCH_USER_PATHS = NO;
				CLANG_CXX_LANGUAGE_STANDARD = "gnu++0x";
				CLANG_CXX_LIBRARY = "libc++";
				CLANG_ENABLE_MODULES = YES;
				CLANG_ENABLE_OBJC_ARC = YES;
				CLANG_WARN_BLOCK_CAPTURE_AUTORELEASING = YES;
				CLANG_WARN_BOOL_CONVERSION = YES;
				CLANG_WARN_COMMA = YES;
				CLANG_WARN_CONSTANT_CONVERSION = YES;
				CLANG_WARN_DEPRECATED_OBJC_IMPLEMENTATIONS = YES;
				CLANG_WARN_DIRECT_OBJC_ISA_USAGE = YES_ERROR;
				CLANG_WARN_EMPTY_BODY = YES;
				CLANG_WARN_ENUM_CONVERSION = YES;
				CLANG_WARN_INFINITE_RECURSION = YES;
				CLANG_WARN_INT_CONVERSION = YES;
				CLANG_WARN_NON_LITERAL_NULL_CONVERSION = YES;
				CLANG_WARN_OBJC_IMPLICIT_RETAIN_SELF = YES;
				CLANG_WARN_OBJC_LITERAL_CONVERSION = YES;
				CLANG_WARN_OBJC_ROOT_CLASS = YES_ERROR;
				CLANG_WARN_RANGE_LOOP_ANALYSIS = YES;
				CLANG_WARN_STRICT_PROTOTYPES = YES;
				CLANG_WARN_SUSPICIOUS_MOVE = YES;
				CLANG_WARN_UNREACHABLE_CODE = YES;
				CLANG_WARN__DUPLICATE_METHOD_MATCH = YES;
				"CODE_SIGN_IDENTITY[sdk=iphoneos*]" = "iPhone Developer";
				COPY_PHASE_STRIP = NO;
				DEBUG_INFORMATION_FORMAT = "dwarf-with-dsym";
				ENABLE_NS_ASSERTIONS = NO;
				ENABLE_STRICT_OBJC_MSGSEND = YES;
				GCC_C_LANGUAGE_STANDARD = gnu99;
				GCC_NO_COMMON_BLOCKS = YES;
				GCC_WARN_64_TO_32_BIT_CONVERSION = YES;
				GCC_WARN_ABOUT_RETURN_TYPE = YES_ERROR;
				GCC_WARN_UNDECLARED_SELECTOR = YES;
				GCC_WARN_UNINITIALIZED_AUTOS = YES_AGGRESSIVE;
				GCC_WARN_UNUSED_FUNCTION = YES;
				GCC_WARN_UNUSED_VARIABLE = YES;
				IPHONEOS_DEPLOYMENT_TARGET = 11.0;
				MTL_ENABLE_DEBUG_INFO = NO;
				SDKROOT = iphoneos;
				SWIFT_OPTIMIZATION_LEVEL = "-Owholemodule";
				SWIFT_VERSION = 5.0;
				VALIDATE_PRODUCT = YES;
			};
			name = Release;
		};
		607FACF01AFB9204008FA782 /* Debug */ = {
			isa = XCBuildConfiguration;
			baseConfigurationReference = 8391C9CB2CD27442CBD92D55 /* Pods-FWPlayer_Example.debug.xcconfig */;
			buildSettings = {
				ASSETCATALOG_COMPILER_APPICON_NAME = AppIcon;
				DEVELOPMENT_TEAM = 85HF22W23G;
				GCC_PREPROCESSOR_DEFINITIONS = (
					"$(inherited)",
					"COCOAPODS=1",
				);
				"GCC_PREPROCESSOR_DEFINITIONS[arch=*]" = "$(inherited) COCOAPODS=1";
				INFOPLIST_FILE = FWPlayer/Info.plist;
				LD_RUNPATH_SEARCH_PATHS = "$(inherited) @executable_path/Frameworks";
				MODULE_NAME = ExampleApp;
				OTHER_SWIFT_FLAGS = "$(inherited) -D COCOAPODS -D DEBUG";
				PRODUCT_BUNDLE_IDENTIFIER = "org.cocoapods.demo.$(PRODUCT_NAME:rfc1034identifier)";
				PRODUCT_NAME = "$(TARGET_NAME)";
				SWIFT_SWIFT3_OBJC_INFERENCE = Default;
				SWIFT_VERSION = 5.0;
			};
			name = Debug;
		};
		607FACF11AFB9204008FA782 /* Release */ = {
			isa = XCBuildConfiguration;
			baseConfigurationReference = 4E99F328479CC89BF56FBFF1 /* Pods-FWPlayer_Example.release.xcconfig */;
			buildSettings = {
				ASSETCATALOG_COMPILER_APPICON_NAME = AppIcon;
				DEVELOPMENT_TEAM = 85HF22W23G;
				INFOPLIST_FILE = FWPlayer/Info.plist;
				LD_RUNPATH_SEARCH_PATHS = "$(inherited) @executable_path/Frameworks";
				MODULE_NAME = ExampleApp;
				PRODUCT_BUNDLE_IDENTIFIER = "org.cocoapods.demo.$(PRODUCT_NAME:rfc1034identifier)";
				PRODUCT_NAME = "$(TARGET_NAME)";
				SWIFT_SWIFT3_OBJC_INFERENCE = Default;
				SWIFT_VERSION = 5.0;
			};
			name = Release;
		};
		607FACF31AFB9204008FA782 /* Debug */ = {
			isa = XCBuildConfiguration;
			baseConfigurationReference = B37323BCCF41A448071B7E83 /* Pods-FWPlayer_Tests.debug.xcconfig */;
			buildSettings = {
				DEVELOPMENT_TEAM = 85HF22W23G;
				FRAMEWORK_SEARCH_PATHS = (
					"$(PLATFORM_DIR)/Developer/Library/Frameworks",
					"$(inherited)",
				);
				GCC_PREPROCESSOR_DEFINITIONS = (
					"DEBUG=1",
					"$(inherited)",
				);
				INFOPLIST_FILE = Tests/Info.plist;
				LD_RUNPATH_SEARCH_PATHS = "$(inherited) @executable_path/Frameworks @loader_path/Frameworks";
				PRODUCT_BUNDLE_IDENTIFIER = "org.cocoapods.$(PRODUCT_NAME:rfc1034identifier)";
				PRODUCT_NAME = "$(TARGET_NAME)";
				SWIFT_SWIFT3_OBJC_INFERENCE = Default;
				SWIFT_VERSION = 5.0;
				TEST_HOST = "$(BUILT_PRODUCTS_DIR)/FWPlayer_Example.app/FWPlayer_Example";
			};
			name = Debug;
		};
		607FACF41AFB9204008FA782 /* Release */ = {
			isa = XCBuildConfiguration;
			baseConfigurationReference = 5468402DE3622F77BD057D31 /* Pods-FWPlayer_Tests.release.xcconfig */;
			buildSettings = {
				DEVELOPMENT_TEAM = 85HF22W23G;
				FRAMEWORK_SEARCH_PATHS = (
					"$(PLATFORM_DIR)/Developer/Library/Frameworks",
					"$(inherited)",
				);
				INFOPLIST_FILE = Tests/Info.plist;
				LD_RUNPATH_SEARCH_PATHS = "$(inherited) @executable_path/Frameworks @loader_path/Frameworks";
				PRODUCT_BUNDLE_IDENTIFIER = "org.cocoapods.$(PRODUCT_NAME:rfc1034identifier)";
				PRODUCT_NAME = "$(TARGET_NAME)";
				SWIFT_SWIFT3_OBJC_INFERENCE = Default;
				SWIFT_VERSION = 5.0;
				TEST_HOST = "$(BUILT_PRODUCTS_DIR)/FWPlayer_Example.app/FWPlayer_Example";
			};
			name = Release;
		};
/* End XCBuildConfiguration section */

/* Begin XCConfigurationList section */
		607FACCB1AFB9204008FA782 /* Build configuration list for PBXProject "FWPlayer" */ = {
			isa = XCConfigurationList;
			buildConfigurations = (
				607FACED1AFB9204008FA782 /* Debug */,
				607FACEE1AFB9204008FA782 /* Release */,
			);
			defaultConfigurationIsVisible = 0;
			defaultConfigurationName = Release;
		};
		607FACEF1AFB9204008FA782 /* Build configuration list for PBXNativeTarget "FWPlayer_Example" */ = {
			isa = XCConfigurationList;
			buildConfigurations = (
				607FACF01AFB9204008FA782 /* Debug */,
				607FACF11AFB9204008FA782 /* Release */,
			);
			defaultConfigurationIsVisible = 0;
			defaultConfigurationName = Release;
		};
		607FACF21AFB9204008FA782 /* Build configuration list for PBXNativeTarget "FWPlayer_Tests" */ = {
			isa = XCConfigurationList;
			buildConfigurations = (
				607FACF31AFB9204008FA782 /* Debug */,
				607FACF41AFB9204008FA782 /* Release */,
			);
			defaultConfigurationIsVisible = 0;
			defaultConfigurationName = Release;
		};
/* End XCConfigurationList section */
	};
	rootObject = 607FACC81AFB9204008FA782 /* Project object */;
}
